
Microsoft Visual Studio Solution File, Format Version 12.00
Project("{FAE04EC0-301F-11D3-BF4B-00C04F79EFBC}") = "FPacker 2.0", "FPacker 2.0\FPacker 2.0.csproj", "{F8155D1A-79C4-4797-891C-64668AA08DA2}"
EndProject
Global
	GlobalSection(SolutionConfigurationPlatforms) = preSolution
		Debug|Any CPU = Debug|Any CPU
		Release|Any CPU = Release|Any CPU
	EndGlobalSection
	GlobalSection(ProjectConfigurationPlatforms) = postSolution
		{F8155D1A-79C4-4797-891C-64668AA08DA2}.Debug|Any CPU.ActiveCfg = Debug|Any CPU
		{F8155D1A-79C4-4797-891C-64668AA08DA2}.Debug|Any CPU.Build.0 = Debug|Any CPU
		{F8155D1A-79C4-4797-891C-64668AA08DA2}.Release|Any CPU.ActiveCfg = Release|Any CPU
		{F8155D1A-79C4-4797-891C-64668AA08DA2}.Release|Any CPU.Build.0 = Release|Any CPU
	EndGlobalSection
EndGlobal
